
Microsoft Visual Studio Solution File, Format Version 12.00
# Visual Studio 15
VisualStudioVersion = 15.0.26730.12
MinimumVisualStudioVersion = 10.0.40219.1
Project("{FAE04EC0-301F-11D3-BF4B-00C04F79EFBC}") = "FileBrowser", "FileBrowser\FileBrowser.csproj", "{F89CCBCA-A5F3-4029-AE9C-88D22080B1DB}"
EndProject
Global
	GlobalSection(SolutionConfigurationPlatforms) = preSolution
		Debug|Any CPU = Debug|Any CPU
		Release|Any CPU = Release|Any CPU
	EndGlobalSection
	GlobalSection(ProjectConfigurationPlatforms) = postSolution
		{F89CCBCA-A5F3-4029-AE9C-88D22080B1DB}.Debug|Any CPU.ActiveCfg = Debug|Any CPU
		{F89CCBCA-A5F3-4029-AE9C-88D22080B1DB}.Debug|Any CPU.Build.0 = Debug|Any CPU
		{F89CCBCA-A5F3-4029-AE9C-88D22080B1DB}.Release|Any CPU.ActiveCfg = Release|Any CPU
		{F89CCBCA-A5F3-4029-AE9C-88D22080B1DB}.Release|Any CPU.Build.0 = Release|Any CPU
	EndGlobalSection
	GlobalSection(SolutionProperties) = preSolution
		HideSolutionNode = FALSE
	EndGlobalSection
	GlobalSection(ExtensibilityGlobals) = postSolution
		SolutionGuid = {DB495114-4DC5-4383-A289-F15B87142F86}
	EndGlobalSection
EndGlobal
